
Microsoft Visual Studio Solution File, Format Version 12.00
# Visual Studio Version 16
VisualStudioVersion = 16.0.32802.440
MinimumVisualStudioVersion = 10.0.40219.1
Project("{FAE04EC0-301F-11D3-BF4B-00C04F79EFBC}") = "0203lab", "0203lab\0203lab.csproj", "{ED677432-26B3-4CC8-9F6C-2AC370C7A9A0}"
EndProject
Global
	GlobalSection(SolutionConfigurationPlatforms) = preSolution
		Debug|Any CPU = Debug|Any CPU
		Release|Any CPU = Release|Any CPU
	EndGlobalSection
	GlobalSection(ProjectConfigurationPlatforms) = postSolution
		{ED677432-26B3-4CC8-9F6C-2AC370C7A9A0}.Debug|Any CPU.ActiveCfg = Debug|Any CPU
		{ED677432-26B3-4CC8-9F6C-2AC370C7A9A0}.Debug|Any CPU.Build.0 = Debug|Any CPU
		{ED677432-26B3-4CC8-9F6C-2AC370C7A9A0}.Release|Any CPU.ActiveCfg = Release|Any CPU
		{ED677432-26B3-4CC8-9F6C-2AC370C7A9A0}.Release|Any CPU.Build.0 = Release|Any CPU
	EndGlobalSection
	GlobalSection(SolutionProperties) = preSolution
		HideSolutionNode = FALSE
	EndGlobalSection
	GlobalSection(ExtensibilityGlobals) = postSolution
		SolutionGuid = {7A68050E-1B4C-4CED-A090-BCAD242D1CDD}
	EndGlobalSection
EndGlobal
